
Microsoft Visual Studio Solution File, Format Version 12.00
# Visual Studio Version 17
VisualStudioVersion = 17.5.33502.453
MinimumVisualStudioVersion = 10.0.40219.1
Project("{FAE04EC0-301F-11D3-BF4B-00C04F79EFBC}") = "Projeto Loc Senai", "Projeto Loc Senai\Projeto Loc Senai.csproj", "{3F3188A6-E090-4884-9857-C83CC6D5AA92}"
EndProject
Project("{FAE04EC0-301F-11D3-BF4B-00C04F79EFBC}") = "MODEL", "MODEL\MODEL.csproj", "{2AE827ED-38ED-4DAF-9957-7A9818EFEE15}"
EndProject
Project("{FAE04EC0-301F-11D3-BF4B-00C04F79EFBC}") = "CONTROL", "CONTROL\CONTROL.csproj", "{B3204FB0-775E-40DB-A027-58E8C8494270}"
EndProject
Global
	GlobalSection(SolutionConfigurationPlatforms) = preSolution
		Debug|Any CPU = Debug|Any CPU
		Release|Any CPU = Release|Any CPU
	EndGlobalSection
	GlobalSection(ProjectConfigurationPlatforms) = postSolution
		{3F3188A6-E090-4884-9857-C83CC6D5AA92}.Debug|Any CPU.ActiveCfg = Debug|Any CPU
		{3F3188A6-E090-4884-9857-C83CC6D5AA92}.Debug|Any CPU.Build.0 = Debug|Any CPU
		{3F3188A6-E090-4884-9857-C83CC6D5AA92}.Release|Any CPU.ActiveCfg = Release|Any CPU
		{3F3188A6-E090-4884-9857-C83CC6D5AA92}.Release|Any CPU.Build.0 = Release|Any CPU
		{2AE827ED-38ED-4DAF-9957-7A9818EFEE15}.Debug|Any CPU.ActiveCfg = Debug|Any CPU
		{2AE827ED-38ED-4DAF-9957-7A9818EFEE15}.Debug|Any CPU.Build.0 = Debug|Any CPU
		{2AE827ED-38ED-4DAF-9957-7A9818EFEE15}.Release|Any CPU.ActiveCfg = Release|Any CPU
		{2AE827ED-38ED-4DAF-9957-7A9818EFEE15}.Release|Any CPU.Build.0 = Release|Any CPU
		{B3204FB0-775E-40DB-A027-58E8C8494270}.Debug|Any CPU.ActiveCfg = Debug|Any CPU
		{B3204FB0-775E-40DB-A027-58E8C8494270}.Debug|Any CPU.Build.0 = Debug|Any CPU
		{B3204FB0-775E-40DB-A027-58E8C8494270}.Release|Any CPU.ActiveCfg = Release|Any CPU
		{B3204FB0-775E-40DB-A027-58E8C8494270}.Release|Any CPU.Build.0 = Release|Any CPU
	EndGlobalSection
	GlobalSection(SolutionProperties) = preSolution
		HideSolutionNode = FALSE
	EndGlobalSection
	GlobalSection(ExtensibilityGlobals) = postSolution
		SolutionGuid = {4BE82D0F-8BF2-4428-B3EE-81F105770CFF}
	EndGlobalSection
EndGlobal
